
Microsoft Visual Studio Solution File, Format Version 12.00
# Visual Studio 15
VisualStudioVersion = 15.0.28307.106
MinimumVisualStudioVersion = 10.0.40219.1
Project("{FAE04EC0-301F-11D3-BF4B-00C04F79EFBC}") = "FormsApp1", "FormsApp1\FormsApp1.csproj", "{5E5D1C2B-82D3-4D10-B569-8AE3E99A6CE7}"
EndProject
Global
	GlobalSection(SolutionConfigurationPlatforms) = preSolution
		Debug|Any CPU = Debug|Any CPU
		Release|Any CPU = Release|Any CPU
	EndGlobalSection
	GlobalSection(ProjectConfigurationPlatforms) = postSolution
		{5E5D1C2B-82D3-4D10-B569-8AE3E99A6CE7}.Debug|Any CPU.ActiveCfg = Debug|Any CPU
		{5E5D1C2B-82D3-4D10-B569-8AE3E99A6CE7}.Debug|Any CPU.Build.0 = Debug|Any CPU
		{5E5D1C2B-82D3-4D10-B569-8AE3E99A6CE7}.Release|Any CPU.ActiveCfg = Release|Any CPU
		{5E5D1C2B-82D3-4D10-B569-8AE3E99A6CE7}.Release|Any CPU.Build.0 = Release|Any CPU
	EndGlobalSection
	GlobalSection(SolutionProperties) = preSolution
		HideSolutionNode = FALSE
	EndGlobalSection
	GlobalSection(ExtensibilityGlobals) = postSolution
		SolutionGuid = {26488F8E-635C-47B5-9487-BC12CA5CD21E}
	EndGlobalSection
EndGlobal
